// !$*UTF8*$!
{
	archiveVersion = 1;
	classes = {
	};
	objectVersion = 46;
	objects = {

/* Begin PBXBuildFile section */
		A10DE8A7173DF58D007126B3 /* ColorPickerViewController.m in Sources */ = {isa = PBXBuildFile; fileRef = A10DE8A6173DF58D007126B3 /* ColorPickerViewController.m */; };
		A10DE8AB173E04E0007126B3 /* SizesPickerViewController.m in Sources */ = {isa = PBXBuildFile; fileRef = A10DE8AA173E04DF007126B3 /* SizesPickerViewController.m */; };
		A126253B16C6035100373311 /* DetailsProduct.plist in Resources */ = {isa = PBXBuildFile; fileRef = A126253A16C6035100373311 /* DetailsProduct.plist */; };
		A136F45116A3C4C400223D57 /* MessageUI.framework in Frameworks */ = {isa = PBXBuildFile; fileRef = A136F45016A3C4C400223D57 /* MessageUI.framework */; };
		A136F45416A3CAB900223D57 /* MobileCoreServices.framework in Frameworks */ = {isa = PBXBuildFile; fileRef = A136F45316A3CAB900223D57 /* MobileCoreServices.framework */; };
		A136F45616A3CAC500223D57 /* QuartzCore.framework in Frameworks */ = {isa = PBXBuildFile; fileRef = A136F45516A3CAC500223D57 /* QuartzCore.framework */; };
		A136F45A16A3CDD500223D57 /* IDALogoImage.m in Sources */ = {isa = PBXBuildFile; fileRef = A136F45916A3CDD500223D57 /* IDALogoImage.m */; };
		A15269F616A3554400AC23D0 /* BabyBodySuits_Customize.png in Resources */ = {isa = PBXBuildFile; fileRef = A15269E916A3554400AC23D0 /* BabyBodySuits_Customize.png */; };
		A15269F716A3554400AC23D0 /* custom_Acrylics.png in Resources */ = {isa = PBXBuildFile; fileRef = A15269EA16A3554400AC23D0 /* custom_Acrylics.png */; };
		A15269F816A3554400AC23D0 /* custom_BabyBodySuits.png in Resources */ = {isa = PBXBuildFile; fileRef = A15269EB16A3554400AC23D0 /* custom_BabyBodySuits.png */; };
		A15269F916A3554400AC23D0 /* custom_CanvasPicture.png in Resources */ = {isa = PBXBuildFile; fileRef = A15269EC16A3554400AC23D0 /* custom_CanvasPicture.png */; };
		A15269FA16A3554400AC23D0 /* custom_Hoodies.png in Resources */ = {isa = PBXBuildFile; fileRef = A15269ED16A3554400AC23D0 /* custom_Hoodies.png */; };
		A15269FB16A3554400AC23D0 /* custom_Mugs.png in Resources */ = {isa = PBXBuildFile; fileRef = A15269EE16A3554400AC23D0 /* custom_Mugs.png */; };
		A15269FC16A3554400AC23D0 /* custom_Stickers.png in Resources */ = {isa = PBXBuildFile; fileRef = A15269EF16A3554400AC23D0 /* custom_Stickers.png */; };
		A15269FD16A3554400AC23D0 /* custom_ToteBags.png in Resources */ = {isa = PBXBuildFile; fileRef = A15269F016A3554400AC23D0 /* custom_ToteBags.png */; };
		A15269FE16A3554400AC23D0 /* custom_TShirt.png in Resources */ = {isa = PBXBuildFile; fileRef = A15269F116A3554400AC23D0 /* custom_TShirt.png */; };
		A15269FF16A3554400AC23D0 /* Hoodies_Customize.png in Resources */ = {isa = PBXBuildFile; fileRef = A15269F216A3554400AC23D0 /* Hoodies_Customize.png */; };
		A1526A0016A3554400AC23D0 /* Mugs_Customize.png in Resources */ = {isa = PBXBuildFile; fileRef = A15269F316A3554400AC23D0 /* Mugs_Customize.png */; };
		A1526A0116A3554400AC23D0 /* ToteBags_Customize.png in Resources */ = {isa = PBXBuildFile; fileRef = A15269F416A3554400AC23D0 /* ToteBags_Customize.png */; };
		A1526A0216A3554400AC23D0 /* TShirt_Customize.png in Resources */ = {isa = PBXBuildFile; fileRef = A15269F516A3554400AC23D0 /* TShirt_Customize.png */; };
		A1526A0516A358E000AC23D0 /* Default-568h@2x.png in Resources */ = {isa = PBXBuildFile; fileRef = A1526A0416A358E000AC23D0 /* Default-568h@2x.png */; };
		A1526A0716A35B6900AC23D0 /* MenuOptions.plist in Resources */ = {isa = PBXBuildFile; fileRef = A1526A0616A35B6900AC23D0 /* MenuOptions.plist */; };
		A1526A0F16A3795300AC23D0 /* CustomizeProductViewController.m in Sources */ = {isa = PBXBuildFile; fileRef = A1526A0E16A3795300AC23D0 /* CustomizeProductViewController.m */; };
		A1797E0216877E86005E521D /* UIKit.framework in Frameworks */ = {isa = PBXBuildFile; fileRef = A1797E0116877E86005E521D /* UIKit.framework */; };
		A1797E0416877E86005E521D /* Foundation.framework in Frameworks */ = {isa = PBXBuildFile; fileRef = A1797E0316877E86005E521D /* Foundation.framework */; };
		A1797E0616877E86005E521D /* CoreGraphics.framework in Frameworks */ = {isa = PBXBuildFile; fileRef = A1797E0516877E86005E521D /* CoreGraphics.framework */; };
		A1797E0C16877E86005E521D /* InfoPlist.strings in Resources */ = {isa = PBXBuildFile; fileRef = A1797E0A16877E86005E521D /* InfoPlist.strings */; };
		A1797E0E16877E86005E521D /* main.m in Sources */ = {isa = PBXBuildFile; fileRef = A1797E0D16877E86005E521D /* main.m */; };
		A1797E1216877E86005E521D /* AppDelegate.m in Sources */ = {isa = PBXBuildFile; fileRef = A1797E1116877E86005E521D /* AppDelegate.m */; };
		A1797E1516877E86005E521D /* MainStoryboard_iPhone.storyboard in Resources */ = {isa = PBXBuildFile; fileRef = A1797E1316877E86005E521D /* MainStoryboard_iPhone.storyboard */; };
		A1797E1816877E86005E521D /* MainStoryboard_iPad.storyboard in Resources */ = {isa = PBXBuildFile; fileRef = A1797E1616877E86005E521D /* MainStoryboard_iPad.storyboard */; };
		A1797E1B16877E86005E521D /* ViewController.m in Sources */ = {isa = PBXBuildFile; fileRef = A1797E1A16877E86005E521D /* ViewController.m */; };
		A1A8BD3B1760126100446CE8 /* FontsPickerViewController.m in Sources */ = {isa = PBXBuildFile; fileRef = A1A8BD3A1760126100446CE8 /* FontsPickerViewController.m */; };
		A1AF0E3217639ED500A760B3 /* 321impact.ttf in Resources */ = {isa = PBXBuildFile; fileRef = A1AF0E0017639ED500A760B3 /* 321impact.ttf */; };
		A1AF0E3317639ED500A760B3 /* 60sekuntia.ttf in Resources */ = {isa = PBXBuildFile; fileRef = A1AF0E0117639ED500A760B3 /* 60sekuntia.ttf */; };
		A1AF0E3417639ED500A760B3 /* aaaiight!.ttf in Resources */ = {isa = PBXBuildFile; fileRef = A1AF0E0217639ED500A760B3 /* aaaiight!.ttf */; };
		A1AF0E3517639ED500A760B3 /* Anja Eliane.ttf in Resources */ = {isa = PBXBuildFile; fileRef = A1AF0E0317639ED500A760B3 /* Anja Eliane.ttf */; };
		A1AF0E3617639ED500A760B3 /* Arial.ttf in Resources */ = {isa = PBXBuildFile; fileRef = A1AF0E0417639ED500A760B3 /* Arial.ttf */; };
		A1AF0E3717639ED500A760B3 /* Armalite Rifle.ttf in Resources */ = {isa = PBXBuildFile; fileRef = A1AF0E0517639ED500A760B3 /* Armalite Rifle.ttf */; };
		A1AF0E3817639ED500A760B3 /* barcode font.ttf in Resources */ = {isa = PBXBuildFile; fileRef = A1AF0E0617639ED500A760B3 /* barcode font.ttf */; };
		A1AF0E3917639ED500A760B3 /* BD Cartoon Shout.ttf in Resources */ = {isa = PBXBuildFile; fileRef = A1AF0E0717639ED500A760B3 /* BD Cartoon Shout.ttf */; };
		A1AF0E3A17639ED500A760B3 /* billieBob.ttf in Resources */ = {isa = PBXBuildFile; fileRef = A1AF0E0817639ED500A760B3 /* billieBob.ttf */; };
		A1AF0E3B17639ED500A760B3 /* Bloody.ttf in Resources */ = {isa = PBXBuildFile; fileRef = A1AF0E0917639ED500A760B3 /* Bloody.ttf */; };
		A1AF0E3C17639ED500A760B3 /* Bogusflow.ttf in Resources */ = {isa = PBXBuildFile; fileRef = A1AF0E0A17639ED500A760B3 /* Bogusflow.ttf */; };
		A1AF0E3D17639ED500A760B3 /* BorisBlackBloxx.ttf in Resources */ = {isa = PBXBuildFile; fileRef = A1AF0E0B17639ED500A760B3 /* BorisBlackBloxx.ttf */; };
		A1AF0E3E17639ED500A760B3 /* Cartoonist 2 BoldItalic.ttf in Resources */ = {isa = PBXBuildFile; fileRef = A1AF0E0C17639ED500A760B3 /* Cartoonist 2 BoldItalic.ttf */; };
		A1AF0E3F17639ED500A760B3 /* Chinese Takeaway.ttf in Resources */ = {isa = PBXBuildFile; fileRef = A1AF0E0D17639ED500A760B3 /* Chinese Takeaway.ttf */; };
		A1AF0E4017639ED500A760B3 /* CooperBlackStd.otf in Resources */ = {isa = PBXBuildFile; fileRef = A1AF0E0E17639ED500A760B3 /* CooperBlackStd.otf */; };
		A1AF0E4117639ED500A760B3 /* Cowboys.ttf in Resources */ = {isa = PBXBuildFile; fileRef = A1AF0E0F17639ED500A760B3 /* Cowboys.ttf */; };
		A1AF0E4217639ED500A760B3 /* Crazy Harold.ttf in Resources */ = {isa = PBXBuildFile; fileRef = A1AF0E1017639ED500A760B3 /* Crazy Harold.ttf */; };
		A1AF0E4317639ED500A760B3 /* Data Trash.ttf in Resources */ = {isa = PBXBuildFile; fileRef = A1AF0E1117639ED500A760B3 /* Data Trash.ttf */; };
		A1AF0E4417639ED500A760B3 /* Dearest.ttf in Resources */ = {isa = PBXBuildFile; fileRef = A1AF0E1217639ED500A760B3 /* Dearest.ttf */; };
		A1AF0E4517639ED500A760B3 /* dearJoe 2.ttf in Resources */ = {isa = PBXBuildFile; fileRef = A1AF0E1317639ED500A760B3 /* dearJoe 2.ttf */; };
		A1AF0E4617639ED500A760B3 /* Establo.ttf in Resources */ = {isa = PBXBuildFile; fileRef = A1AF0E1417639ED500A760B3 /* Establo.ttf */; };
		A1AF0E4717639ED500A760B3 /* Flores.ttf in Resources */ = {isa = PBXBuildFile; fileRef = A1AF0E1517639ED500A760B3 /* Flores.ttf */; };
		A1AF0E4817639ED500A760B3 /* GoodGirl.ttf in Resources */ = {isa = PBXBuildFile; fileRef = A1AF0E1617639ED500A760B3 /* GoodGirl.ttf */; };
		A1AF0E4917639ED500A760B3 /* green piloww.ttf in Resources */ = {isa = PBXBuildFile; fileRef = A1AF0E1717639ED500A760B3 /* green piloww.ttf */; };
		A1AF0E4A17639ED500A760B3 /* Green Screen.ttf in Resources */ = {isa = PBXBuildFile; fileRef = A1AF0E1817639ED500A760B3 /* Green Screen.ttf */; };
		A1AF0E4B17639ED500A760B3 /* Grinched Regular.ttf in Resources */ = {isa = PBXBuildFile; fileRef = A1AF0E1917639ED500A760B3 /* Grinched Regular.ttf */; };
		A1AF0E4C17639ED500A760B3 /* GROBOLD.ttf in Resources */ = {isa = PBXBuildFile; fileRef = A1AF0E1A17639ED500A760B3 /* GROBOLD.ttf */; };
		A1AF0E4D17639ED500A760B3 /* Gyparody.ttf in Resources */ = {isa = PBXBuildFile; fileRef = A1AF0E1B17639ED500A760B3 /* Gyparody.ttf */; };
		A1AF0E4E17639ED500A760B3 /* Helldorado.ttf in Resources */ = {isa = PBXBuildFile; fileRef = A1AF0E1C17639ED500A760B3 /* Helldorado.ttf */; };
		A1AF0E4F17639ED500A760B3 /* Horseshoes And Lemonade.ttf in Resources */ = {isa = PBXBuildFile; fileRef = A1AF0E1D17639ED500A760B3 /* Horseshoes And Lemonade.ttf */; };
		A1AF0E5017639ED500A760B3 /* Impacted.ttf in Resources */ = {isa = PBXBuildFile; fileRef = A1AF0E1E17639ED500A760B3 /* Impacted.ttf */; };
		A1AF0E5117639ED500A760B3 /* Incised 901 Nord Italic BT.ttf in Resources */ = {isa = PBXBuildFile; fileRef = A1AF0E1F17639ED500A760B3 /* Incised 901 Nord Italic BT.ttf */; };
		A1AF0E5217639ED500A760B3 /* Independence.ttf in Resources */ = {isa = PBXBuildFile; fileRef = A1AF0E2017639ED500A760B3 /* Independence.ttf */; };
		A1AF0E5317639ED500A760B3 /* Informal 011 Black BT.ttf in Resources */ = {isa = PBXBuildFile; fileRef = A1AF0E2117639ED500A760B3 /* Informal 011 Black BT.ttf */; };
		A1AF0E5417639ED500A760B3 /* JerseyLetters.ttf in Resources */ = {isa = PBXBuildFile; fileRef = A1AF0E2217639ED500A760B3 /* JerseyLetters.ttf */; };
		A1AF0E5517639ED500A760B3 /* Joint by PizzaDude.ttf in Resources */ = {isa = PBXBuildFile; fileRef = A1AF0E2317639ED500A760B3 /* Joint by PizzaDude.ttf */; };
		A1AF0E5617639ED500A760B3 /* Justice Solid.ttf in Resources */ = {isa = PBXBuildFile; fileRef = A1AF0E2417639ED500A760B3 /* Justice Solid.ttf */; };
		A1AF0E5717639ED500A760B3 /* Komika Axis.ttf in Resources */ = {isa = PBXBuildFile; fileRef = A1AF0E2517639ED500A760B3 /* Komika Axis.ttf */; };
		A1AF0E5817639ED500A760B3 /* Komikahuna.ttf in Resources */ = {isa = PBXBuildFile; fileRef = A1AF0E2617639ED500A760B3 /* Komikahuna.ttf */; };
		A1AF0E5917639ED500A760B3 /* Komix.ttf in Resources */ = {isa = PBXBuildFile; fileRef = A1AF0E2717639ED500A760B3 /* Komix.ttf */; };
		A1AF0E5A17639ED500A760B3 /* LCD ITC-Normal.ttf in Resources */ = {isa = PBXBuildFile; fileRef = A1AF0E2817639ED500A760B3 /* LCD ITC-Normal.ttf */; };
		A1AF0E5B17639ED500A760B3 /* Lucia BT.ttf in Resources */ = {isa = PBXBuildFile; fileRef = A1AF0E2917639ED500A760B3 /* Lucia BT.ttf */; };
		A1AF0E5C17639ED500A760B3 /* Mandingo.ttf in Resources */ = {isa = PBXBuildFile; fileRef = A1AF0E2A17639ED500A760B3 /* Mandingo.ttf */; };
		A1AF0E5D17639ED500A760B3 /* Marcelle Script.ttf in Resources */ = {isa = PBXBuildFile; fileRef = A1AF0E2B17639ED500A760B3 /* Marcelle Script.ttf */; };
		A1AF0E5E17639ED500A760B3 /* Ozone.ttf in Resources */ = {isa = PBXBuildFile; fileRef = A1AF0E2C17639ED500A760B3 /* Ozone.ttf */; };
		A1AF0E5F17639ED500A760B3 /* TeamSpirit.ttf in Resources */ = {isa = PBXBuildFile; fileRef = A1AF0E2D17639ED500A760B3 /* TeamSpirit.ttf */; };
		A1AF0E6017639ED500A760B3 /* Vectroid(1).ttf in Resources */ = {isa = PBXBuildFile; fileRef = A1AF0E2E17639ED500A760B3 /* Vectroid(1).ttf */; };
		A1AF0E6117639ED500A760B3 /* Yikes!.ttf in Resources */ = {isa = PBXBuildFile; fileRef = A1AF0E2F17639ED500A760B3 /* Yikes!.ttf */; };
		A1AF0E6217639ED500A760B3 /* Zreaks NFI(1).ttf in Resources */ = {isa = PBXBuildFile; fileRef = A1AF0E3017639ED500A760B3 /* Zreaks NFI(1).ttf */; };
		A1AF0E661763A3E800A760B3 /* 1456Gutenberg Bold.ttf in Resources */ = {isa = PBXBuildFile; fileRef = A1AF0E651763A3E500A760B3 /* 1456Gutenberg Bold.ttf */; };
		A1D2789616C370130075C3AB /* Background_ToolBar.jpg in Resources */ = {isa = PBXBuildFile; fileRef = A1D2789516C370130075C3AB /* Background_ToolBar.jpg */; };
		A1D3F95D1745FD350057629E /* EditLabelViewController.m in Sources */ = {isa = PBXBuildFile; fileRef = A1D3F95B1745FD350057629E /* EditLabelViewController.m */; };
		A1D3F95E1745FD350057629E /* EditLabelViewController.xib in Resources */ = {isa = PBXBuildFile; fileRef = A1D3F95C1745FD350057629E /* EditLabelViewController.xib */; };
		A1E6ABDC16F19B960027A95E /* btn_rotateLeft.png in Resources */ = {isa = PBXBuildFile; fileRef = A1E6ABDA16F19B960027A95E /* btn_rotateLeft.png */; };
		A1E6ABDD16F19B960027A95E /* btn_rotateRight.png in Resources */ = {isa = PBXBuildFile; fileRef = A1E6ABDB16F19B960027A95E /* btn_rotateRight.png */; };
		A1E9FBDE16A61E74007D4E77 /* IDACustomLabel.m in Sources */ = {isa = PBXBuildFile; fileRef = A1E9FBDD16A61E74007D4E77 /* IDACustomLabel.m */; };
/* End PBXBuildFile section */

/* Begin PBXFileReference section */
		A10DE8A5173DF58D007126B3 /* ColorPickerViewController.h */ = {isa = PBXFileReference; fileEncoding = 4; lastKnownFileType = sourcecode.c.h; path = ColorPickerViewController.h; sourceTree = "<group>"; };
		A10DE8A6173DF58D007126B3 /* ColorPickerViewController.m */ = {isa = PBXFileReference; fileEncoding = 4; lastKnownFileType = sourcecode.c.objc; path = ColorPickerViewController.m; sourceTree = "<group>"; };
		A10DE8A9173E04DF007126B3 /* SizesPickerViewController.h */ = {isa = PBXFileReference; fileEncoding = 4; lastKnownFileType = sourcecode.c.h; path = SizesPickerViewController.h; sourceTree = "<group>"; };
		A10DE8AA173E04DF007126B3 /* SizesPickerViewController.m */ = {isa = PBXFileReference; fileEncoding = 4; lastKnownFileType = sourcecode.c.objc; path = SizesPickerViewController.m; sourceTree = "<group>"; };
		A126253A16C6035100373311 /* DetailsProduct.plist */ = {isa = PBXFileReference; fileEncoding = 4; lastKnownFileType = text.plist.xml; path = DetailsProduct.plist; sourceTree = "<group>"; };
		A136F45016A3C4C400223D57 /* MessageUI.framework */ = {isa = PBXFileReference; lastKnownFileType = wrapper.framework; name = MessageUI.framework; path = System/Library/Frameworks/MessageUI.framework; sourceTree = SDKROOT; };
		A136F45316A3CAB900223D57 /* MobileCoreServices.framework */ = {isa = PBXFileReference; lastKnownFileType = wrapper.framework; name = MobileCoreServices.framework; path = System/Library/Frameworks/MobileCoreServices.framework; sourceTree = SDKROOT; };
		A136F45516A3CAC500223D57 /* QuartzCore.framework */ = {isa = PBXFileReference; lastKnownFileType = wrapper.framework; name = QuartzCore.framework; path = System/Library/Frameworks/QuartzCore.framework; sourceTree = SDKROOT; };
		A136F45816A3CDD500223D57 /* IDALogoImage.h */ = {isa = PBXFileReference; fileEncoding = 4; lastKnownFileType = sourcecode.c.h; path = IDALogoImage.h; sourceTree = "<group>"; };
		A136F45916A3CDD500223D57 /* IDALogoImage.m */ = {isa = PBXFileReference; fileEncoding = 4; lastKnownFileType = sourcecode.c.objc; path = IDALogoImage.m; sourceTree = "<group>"; };
		A15269E916A3554400AC23D0 /* BabyBodySuits_Customize.png */ = {isa = PBXFileReference; lastKnownFileType = image.png; path = BabyBodySuits_Customize.png; sourceTree = "<group>"; };
		A15269EA16A3554400AC23D0 /* custom_Acrylics.png */ = {isa = PBXFileReference; lastKnownFileType = image.png; path = custom_Acrylics.png; sourceTree = "<group>"; };
		A15269EB16A3554400AC23D0 /* custom_BabyBodySuits.png */ = {isa = PBXFileReference; lastKnownFileType = image.png; path = custom_BabyBodySuits.png; sourceTree = "<group>"; };
		A15269EC16A3554400AC23D0 /* custom_CanvasPicture.png */ = {isa = PBXFileReference; lastKnownFileType = image.png; path = custom_CanvasPicture.png; sourceTree = "<group>"; };
		A15269ED16A3554400AC23D0 /* custom_Hoodies.png */ = {isa = PBXFileReference; lastKnownFileType = image.png; path = custom_Hoodies.png; sourceTree = "<group>"; };
		A15269EE16A3554400AC23D0 /* custom_Mugs.png */ = {isa = PBXFileReference; lastKnownFileType = image.png; path = custom_Mugs.png; sourceTree = "<group>"; };
		A15269EF16A3554400AC23D0 /* custom_Stickers.png */ = {isa = PBXFileReference; lastKnownFileType = image.png; path = custom_Stickers.png; sourceTree = "<group>"; };
		A15269F016A3554400AC23D0 /* custom_ToteBags.png */ = {isa = PBXFileReference; lastKnownFileType = image.png; path = custom_ToteBags.png; sourceTree = "<group>"; };
		A15269F116A3554400AC23D0 /* custom_TShirt.png */ = {isa = PBXFileReference; lastKnownFileType = image.png; path = custom_TShirt.png; sourceTree = "<group>"; };
		A15269F216A3554400AC23D0 /* Hoodies_Customize.png */ = {isa = PBXFileReference; lastKnownFileType = image.png; path = Hoodies_Customize.png; sourceTree = "<group>"; };
		A15269F316A3554400AC23D0 /* Mugs_Customize.png */ = {isa = PBXFileReference; lastKnownFileType = image.png; path = Mugs_Customize.png; sourceTree = "<group>"; };
		A15269F416A3554400AC23D0 /* ToteBags_Customize.png */ = {isa = PBXFileReference; lastKnownFileType = image.png; path = ToteBags_Customize.png; sourceTree = "<group>"; };
		A15269F516A3554400AC23D0 /* TShirt_Customize.png */ = {isa = PBXFileReference; lastKnownFileType = image.png; path = TShirt_Customize.png; sourceTree = "<group>"; };
		A1526A0416A358E000AC23D0 /* Default-568h@2x.png */ = {isa = PBXFileReference; lastKnownFileType = image.png; path = "Default-568h@2x.png"; sourceTree = "<group>"; };
		A1526A0616A35B6900AC23D0 /* MenuOptions.plist */ = {isa = PBXFileReference; fileEncoding = 4; lastKnownFileType = text.plist.xml; path = MenuOptions.plist; sourceTree = "<group>"; };
		A1526A0D16A3795300AC23D0 /* CustomizeProductViewController.h */ = {isa = PBXFileReference; fileEncoding = 4; lastKnownFileType = sourcecode.c.h; path = CustomizeProductViewController.h; sourceTree = "<group>"; };
		A1526A0E16A3795300AC23D0 /* CustomizeProductViewController.m */ = {isa = PBXFileReference; fileEncoding = 4; lastKnownFileType = sourcecode.c.objc; path = CustomizeProductViewController.m; sourceTree = "<group>"; };
		A1797DFD16877E86005E521D /* idakoosProjectFinal.app */ = {isa = PBXFileReference; explicitFileType = wrapper.application; includeInIndex = 0; path = idakoosProjectFinal.app; sourceTree = BUILT_PRODUCTS_DIR; };
		A1797E0116877E86005E521D /* UIKit.framework */ = {isa = PBXFileReference; lastKnownFileType = wrapper.framework; name = UIKit.framework; path = System/Library/Frameworks/UIKit.framework; sourceTree = SDKROOT; };
		A1797E0316877E86005E521D /* Foundation.framework */ = {isa = PBXFileReference; lastKnownFileType = wrapper.framework; name = Foundation.framework; path = System/Library/Frameworks/Foundation.framework; sourceTree = SDKROOT; };
		A1797E0516877E86005E521D /* CoreGraphics.framework */ = {isa = PBXFileReference; lastKnownFileType = wrapper.framework; name = CoreGraphics.framework; path = System/Library/Frameworks/CoreGraphics.framework; sourceTree = SDKROOT; };
		A1797E0916877E86005E521D /* idakoosProjectFinal-Info.plist */ = {isa = PBXFileReference; lastKnownFileType = text.plist.xml; path = "idakoosProjectFinal-Info.plist"; sourceTree = "<group>"; };
		A1797E0B16877E86005E521D /* en */ = {isa = PBXFileReference; lastKnownFileType = text.plist.strings; name = en; path = en.lproj/InfoPlist.strings; sourceTree = "<group>"; };
		A1797E0D16877E86005E521D /* main.m */ = {isa = PBXFileReference; lastKnownFileType = sourcecode.c.objc; path = main.m; sourceTree = "<group>"; };
		A1797E0F16877E86005E521D /* idakoosProjectFinal-Prefix.pch */ = {isa = PBXFileReference; lastKnownFileType = sourcecode.c.h; path = "idakoosProjectFinal-Prefix.pch"; sourceTree = "<group>"; };
		A1797E1016877E86005E521D /* AppDelegate.h */ = {isa = PBXFileReference; lastKnownFileType = sourcecode.c.h; path = AppDelegate.h; sourceTree = "<group>"; };
		A1797E1116877E86005E521D /* AppDelegate.m */ = {isa = PBXFileReference; lastKnownFileType = sourcecode.c.objc; path = AppDelegate.m; sourceTree = "<group>"; };
		A1797E1416877E86005E521D /* en */ = {isa = PBXFileReference; lastKnownFileType = file.storyboard; name = en; path = en.lproj/MainStoryboard_iPhone.storyboard; sourceTree = "<group>"; };
		A1797E1716877E86005E521D /* en */ = {isa = PBXFileReference; lastKnownFileType = file.storyboard; name = en; path = en.lproj/MainStoryboard_iPad.storyboard; sourceTree = "<group>"; };
		A1797E1916877E86005E521D /* ViewController.h */ = {isa = PBXFileReference; lastKnownFileType = sourcecode.c.h; path = ViewController.h; sourceTree = "<group>"; };
		A1797E1A16877E86005E521D /* ViewController.m */ = {isa = PBXFileReference; lastKnownFileType = sourcecode.c.objc; path = ViewController.m; sourceTree = "<group>"; };
		A1A8BD391760126000446CE8 /* FontsPickerViewController.h */ = {isa = PBXFileReference; fileEncoding = 4; lastKnownFileType = sourcecode.c.h; path = FontsPickerViewController.h; sourceTree = "<group>"; };
		A1A8BD3A1760126100446CE8 /* FontsPickerViewController.m */ = {isa = PBXFileReference; fileEncoding = 4; lastKnownFileType = sourcecode.c.objc; path = FontsPickerViewController.m; sourceTree = "<group>"; };
		A1AF0E0017639ED500A760B3 /* 321impact.ttf */ = {isa = PBXFileReference; lastKnownFileType = file; path = 321impact.ttf; sourceTree = "<group>"; };
		A1AF0E0117639ED500A760B3 /* 60sekuntia.ttf */ = {isa = PBXFileReference; lastKnownFileType = file; path = 60sekuntia.ttf; sourceTree = "<group>"; };
		A1AF0E0217639ED500A760B3 /* aaaiight!.ttf */ = {isa = PBXFileReference; lastKnownFileType = file; path = "aaaiight!.ttf"; sourceTree = "<group>"; };
		A1AF0E0317639ED500A760B3 /* Anja Eliane.ttf */ = {isa = PBXFileReference; lastKnownFileType = file; path = "Anja Eliane.ttf"; sourceTree = "<group>"; };
		A1AF0E0417639ED500A760B3 /* Arial.ttf */ = {isa = PBXFileReference; lastKnownFileType = file; path = Arial.ttf; sourceTree = "<group>"; };
		A1AF0E0517639ED500A760B3 /* Armalite Rifle.ttf */ = {isa = PBXFileReference; lastKnownFileType = file; path = "Armalite Rifle.ttf"; sourceTree = "<group>"; };
		A1AF0E0617639ED500A760B3 /* barcode font.ttf */ = {isa = PBXFileReference; lastKnownFileType = file; path = "barcode font.ttf"; sourceTree = "<group>"; };
		A1AF0E0717639ED500A760B3 /* BD Cartoon Shout.ttf */ = {isa = PBXFileReference; lastKnownFileType = file; path = "BD Cartoon Shout.ttf"; sourceTree = "<group>"; };
		A1AF0E0817639ED500A760B3 /* billieBob.ttf */ = {isa = PBXFileReference; lastKnownFileType = file; path = billieBob.ttf; sourceTree = "<group>"; };
		A1AF0E0917639ED500A760B3 /* Bloody.ttf */ = {isa = PBXFileReference; lastKnownFileType = file; path = Bloody.ttf; sourceTree = "<group>"; };
		A1AF0E0A17639ED500A760B3 /* Bogusflow.ttf */ = {isa = PBXFileReference; lastKnownFileType = file; path = Bogusflow.ttf; sourceTree = "<group>"; };
		A1AF0E0B17639ED500A760B3 /* BorisBlackBloxx.ttf */ = {isa = PBXFileReference; lastKnownFileType = file; path = BorisBlackBloxx.ttf; sourceTree = "<group>"; };
		A1AF0E0C17639ED500A760B3 /* Cartoonist 2 BoldItalic.ttf */ = {isa = PBXFileReference; lastKnownFileType = file; path = "Cartoonist 2 BoldItalic.ttf"; sourceTree = "<group>"; };
		A1AF0E0D17639ED500A760B3 /* Chinese Takeaway.ttf */ = {isa = PBXFileReference; lastKnownFileType = file; path = "Chinese Takeaway.ttf"; sourceTree = "<group>"; };
		A1AF0E0E17639ED500A760B3 /* CooperBlackStd.otf */ = {isa = PBXFileReference; lastKnownFileType = file; path = CooperBlackStd.otf; sourceTree = "<group>"; };
		A1AF0E0F17639ED500A760B3 /* Cowboys.ttf */ = {isa = PBXFileReference; lastKnownFileType = file; path = Cowboys.ttf; sourceTree = "<group>"; };
		A1AF0E1017639ED500A760B3 /* Crazy Harold.ttf */ = {isa = PBXFileReference; lastKnownFileType = file; path = "Crazy Harold.ttf"; sourceTree = "<group>"; };
		A1AF0E1117639ED500A760B3 /* Data Trash.ttf */ = {isa = PBXFileReference; lastKnownFileType = file; path = "Data Trash.ttf"; sourceTree = "<group>"; };
		A1AF0E1217639ED500A760B3 /* Dearest.ttf */ = {isa = PBXFileReference; lastKnownFileType = file; path = Dearest.ttf; sourceTree = "<group>"; };
		A1AF0E1317639ED500A760B3 /* dearJoe 2.ttf */ = {isa = PBXFileReference; lastKnownFileType = file; path = "dearJoe 2.ttf"; sourceTree = "<group>"; };
		A1AF0E1417639ED500A760B3 /* Establo.ttf */ = {isa = PBXFileReference; lastKnownFileType = file; path = Establo.ttf; sourceTree = "<group>"; };
		A1AF0E1517639ED500A760B3 /* Flores.ttf */ = {isa = PBXFileReference; lastKnownFileType = file; path = Flores.ttf; sourceTree = "<group>"; };
		A1AF0E1617639ED500A760B3 /* GoodGirl.ttf */ = {isa = PBXFileReference; lastKnownFileType = file; path = GoodGirl.ttf; sourceTree = "<group>"; };
		A1AF0E1717639ED500A760B3 /* green piloww.ttf */ = {isa = PBXFileReference; lastKnownFileType = file; path = "green piloww.ttf"; sourceTree = "<group>"; };
		A1AF0E1817639ED500A760B3 /* Green Screen.ttf */ = {isa = PBXFileReference; lastKnownFileType = file; path = "Green Screen.ttf"; sourceTree = "<group>"; };
		A1AF0E1917639ED500A760B3 /* Grinched Regular.ttf */ = {isa = PBXFileReference; lastKnownFileType = file; path = "Grinched Regular.ttf"; sourceTree = "<group>"; };
		A1AF0E1A17639ED500A760B3 /* GROBOLD.ttf */ = {isa = PBXFileReference; lastKnownFileType = file; path = GROBOLD.ttf; sourceTree = "<group>"; };
		A1AF0E1B17639ED500A760B3 /* Gyparody.ttf */ = {isa = PBXFileReference; lastKnownFileType = file; path = Gyparody.ttf; sourceTree = "<group>"; };
		A1AF0E1C17639ED500A760B3 /* Helldorado.ttf */ = {isa = PBXFileReference; lastKnownFileType = file; path = Helldorado.ttf; sourceTree = "<group>"; };
		A1AF0E1D17639ED500A760B3 /* Horseshoes And Lemonade.ttf */ = {isa = PBXFileReference; lastKnownFileType = file; path = "Horseshoes And Lemonade.ttf"; sourceTree = "<group>"; };
		A1AF0E1E17639ED500A760B3 /* Impacted.ttf */ = {isa = PBXFileReference; lastKnownFileType = file; path = Impacted.ttf; sourceTree = "<group>"; };
		A1AF0E1F17639ED500A760B3 /* Incised 901 Nord Italic BT.ttf */ = {isa = PBXFileReference; lastKnownFileType = file; path = "Incised 901 Nord Italic BT.ttf"; sourceTree = "<group>"; };
		A1AF0E2017639ED500A760B3 /* Independence.ttf */ = {isa = PBXFileReference; lastKnownFileType = file; path = Independence.ttf; sourceTree = "<group>"; };
		A1AF0E2117639ED500A760B3 /* Informal 011 Black BT.ttf */ = {isa = PBXFileReference; lastKnownFileType = file; path = "Informal 011 Black BT.ttf"; sourceTree = "<group>"; };
		A1AF0E2217639ED500A760B3 /* JerseyLetters.ttf */ = {isa = PBXFileReference; lastKnownFileType = file; path = JerseyLetters.ttf; sourceTree = "<group>"; };
		A1AF0E2317639ED500A760B3 /* Joint by PizzaDude.ttf */ = {isa = PBXFileReference; lastKnownFileType = file; path = "Joint by PizzaDude.ttf"; sourceTree = "<group>"; };
		A1AF0E2417639ED500A760B3 /* Justice Solid.ttf */ = {isa = PBXFileReference; lastKnownFileType = file; path = "Justice Solid.ttf"; sourceTree = "<group>"; };
		A1AF0E2517639ED500A760B3 /* Komika Axis.ttf */ = {isa = PBXFileReference; lastKnownFileType = file; path = "Komika Axis.ttf"; sourceTree = "<group>"; };
		A1AF0E2617639ED500A760B3 /* Komikahuna.ttf */ = {isa = PBXFileReference; lastKnownFileType = file; path = Komikahuna.ttf; sourceTree = "<group>"; };
		A1AF0E2717639ED500A760B3 /* Komix.ttf */ = {isa = PBXFileReference; lastKnownFileType = file; path = Komix.ttf; sourceTree = "<group>"; };
		A1AF0E2817639ED500A760B3 /* LCD ITC-Normal.ttf */ = {isa = PBXFileReference; lastKnownFileType = file; path = "LCD ITC-Normal.ttf"; sourceTree = "<group>"; };
		A1AF0E2917639ED500A760B3 /* Lucia BT.ttf */ = {isa = PBXFileReference; lastKnownFileType = file; path = "Lucia BT.ttf"; sourceTree = "<group>"; };
		A1AF0E2A17639ED500A760B3 /* Mandingo.ttf */ = {isa = PBXFileReference; lastKnownFileType = file; path = Mandingo.ttf; sourceTree = "<group>"; };
		A1AF0E2B17639ED500A760B3 /* Marcelle Script.ttf */ = {isa = PBXFileReference; lastKnownFileType = file; path = "Marcelle Script.ttf"; sourceTree = "<group>"; };
		A1AF0E2C17639ED500A760B3 /* Ozone.ttf */ = {isa = PBXFileReference; lastKnownFileType = file; path = Ozone.ttf; sourceTree = "<group>"; };
		A1AF0E2D17639ED500A760B3 /* TeamSpirit.ttf */ = {isa = PBXFileReference; lastKnownFileType = file; path = TeamSpirit.ttf; sourceTree = "<group>"; };
		A1AF0E2E17639ED500A760B3 /* Vectroid(1).ttf */ = {isa = PBXFileReference; lastKnownFileType = file; path = "Vectroid(1).ttf"; sourceTree = "<group>"; };
		A1AF0E2F17639ED500A760B3 /* Yikes!.ttf */ = {isa = PBXFileReference; lastKnownFileType = file; path = "Yikes!.ttf"; sourceTree = "<group>"; };
		A1AF0E3017639ED500A760B3 /* Zreaks NFI(1).ttf */ = {isa = PBXFileReference; lastKnownFileType = file; path = "Zreaks NFI(1).ttf"; sourceTree = "<group>"; };
		A1AF0E651763A3E500A760B3 /* 1456Gutenberg Bold.ttf */ = {isa = PBXFileReference; lastKnownFileType = file; path = "1456Gutenberg Bold.ttf"; sourceTree = "<group>"; };
		A1D2789516C370130075C3AB /* Background_ToolBar.jpg */ = {isa = PBXFileReference; lastKnownFileType = image.jpeg; path = Background_ToolBar.jpg; sourceTree = "<group>"; };
		A1D3F95A1745FD350057629E /* EditLabelViewController.h */ = {isa = PBXFileReference; fileEncoding = 4; lastKnownFileType = sourcecode.c.h; path = EditLabelViewController.h; sourceTree = "<group>"; };
		A1D3F95B1745FD350057629E /* EditLabelViewController.m */ = {isa = PBXFileReference; fileEncoding = 4; lastKnownFileType = sourcecode.c.objc; path = EditLabelViewController.m; sourceTree = "<group>"; };
		A1D3F95C1745FD350057629E /* EditLabelViewController.xib */ = {isa = PBXFileReference; fileEncoding = 4; lastKnownFileType = file.xib; path = EditLabelViewController.xib; sourceTree = "<group>"; };
		A1E6ABDA16F19B960027A95E /* btn_rotateLeft.png */ = {isa = PBXFileReference; lastKnownFileType = image.png; path = btn_rotateLeft.png; sourceTree = "<group>"; };
		A1E6ABDB16F19B960027A95E /* btn_rotateRight.png */ = {isa = PBXFileReference; lastKnownFileType = image.png; path = btn_rotateRight.png; sourceTree = "<group>"; };
		A1E9FBDC16A61E74007D4E77 /* IDACustomLabel.h */ = {isa = PBXFileReference; fileEncoding = 4; lastKnownFileType = sourcecode.c.h; path = IDACustomLabel.h; sourceTree = "<group>"; };
		A1E9FBDD16A61E74007D4E77 /* IDACustomLabel.m */ = {isa = PBXFileReference; fileEncoding = 4; lastKnownFileType = sourcecode.c.objc; path = IDACustomLabel.m; sourceTree = "<group>"; };
/* End PBXFileReference section */

/* Begin PBXFrameworksBuildPhase section */
		A1797DFA16877E85005E521D /* Frameworks */ = {
			isa = PBXFrameworksBuildPhase;
			buildActionMask = 2147483647;
			files = (
				A136F45616A3CAC500223D57 /* QuartzCore.framework in Frameworks */,
				A136F45416A3CAB900223D57 /* MobileCoreServices.framework in Frameworks */,
				A136F45116A3C4C400223D57 /* MessageUI.framework in Frameworks */,
				A1797E0216877E86005E521D /* UIKit.framework in Frameworks */,
				A1797E0416877E86005E521D /* Foundation.framework in Frameworks */,
				A1797E0616877E86005E521D /* CoreGraphics.framework in Frameworks */,
			);
			runOnlyForDeploymentPostprocessing = 0;
		};
/* End PBXFrameworksBuildPhase section */

/* Begin PBXGroup section */
		A136F45716A3CDD500223D57 /* MyClasses */ = {
			isa = PBXGroup;
			children = (
				A136F45816A3CDD500223D57 /* IDALogoImage.h */,
				A136F45916A3CDD500223D57 /* IDALogoImage.m */,
				A1E9FBDC16A61E74007D4E77 /* IDACustomLabel.h */,
				A1E9FBDD16A61E74007D4E77 /* IDACustomLabel.m */,
				A10DE8A5173DF58D007126B3 /* ColorPickerViewController.h */,
				A10DE8A6173DF58D007126B3 /* ColorPickerViewController.m */,
				A10DE8A9173E04DF007126B3 /* SizesPickerViewController.h */,
				A10DE8AA173E04DF007126B3 /* SizesPickerViewController.m */,
				A1D3F95A1745FD350057629E /* EditLabelViewController.h */,
				A1D3F95B1745FD350057629E /* EditLabelViewController.m */,
				A1D3F95C1745FD350057629E /* EditLabelViewController.xib */,
				A1A8BD391760126000446CE8 /* FontsPickerViewController.h */,
				A1A8BD3A1760126100446CE8 /* FontsPickerViewController.m */,
			);
			path = MyClasses;
			sourceTree = "<group>";
		};
		A15269E716A3554400AC23D0 /* Resources */ = {
			isa = PBXGroup;
			children = (
				A1AF0DFE17639ED500A760B3 /* fuentes */,
				A15269E816A3554400AC23D0 /* Images */,
				A1526A0616A35B6900AC23D0 /* MenuOptions.plist */,
				A126253A16C6035100373311 /* DetailsProduct.plist */,
			);
			path = Resources;
			sourceTree = "<group>";
		};
		A15269E816A3554400AC23D0 /* Images */ = {
			isa = PBXGroup;
			children = (
				A15269E916A3554400AC23D0 /* BabyBodySuits_Customize.png */,
				A1D2789516C370130075C3AB /* Background_ToolBar.jpg */,
				A1E6ABDA16F19B960027A95E /* btn_rotateLeft.png */,
				A1E6ABDB16F19B960027A95E /* btn_rotateRight.png */,
				A15269EA16A3554400AC23D0 /* custom_Acrylics.png */,
				A15269EB16A3554400AC23D0 /* custom_BabyBodySuits.png */,
				A15269EC16A3554400AC23D0 /* custom_CanvasPicture.png */,
				A15269ED16A3554400AC23D0 /* custom_Hoodies.png */,
				A15269EE16A3554400AC23D0 /* custom_Mugs.png */,
				A15269EF16A3554400AC23D0 /* custom_Stickers.png */,
				A15269F016A3554400AC23D0 /* custom_ToteBags.png */,
				A15269F116A3554400AC23D0 /* custom_TShirt.png */,
				A15269F216A3554400AC23D0 /* Hoodies_Customize.png */,
				A15269F316A3554400AC23D0 /* Mugs_Customize.png */,
				A15269F416A3554400AC23D0 /* ToteBags_Customize.png */,
				A15269F516A3554400AC23D0 /* TShirt_Customize.png */,
			);
			path = Images;
			sourceTree = "<group>";
		};
		A1797DF216877E85005E521D = {
			isa = PBXGroup;
			children = (
				A1526A0416A358E000AC23D0 /* Default-568h@2x.png */,
				A1797E0716877E86005E521D /* idakoosProjectFinal */,
				A1797E0016877E86005E521D /* Frameworks */,
				A1797DFE16877E86005E521D /* Products */,
			);
			sourceTree = "<group>";
		};
		A1797DFE16877E86005E521D /* Products */ = {
			isa = PBXGroup;
			children = (
				A1797DFD16877E86005E521D /* idakoosProjectFinal.app */,
			);
			name = Products;
			sourceTree = "<group>";
		};
		A1797E0016877E86005E521D /* Frameworks */ = {
			isa = PBXGroup;
			children = (
				A136F45516A3CAC500223D57 /* QuartzCore.framework */,
				A136F45316A3CAB900223D57 /* MobileCoreServices.framework */,
				A136F45016A3C4C400223D57 /* MessageUI.framework */,
				A1797E0116877E86005E521D /* UIKit.framework */,
				A1797E0316877E86005E521D /* Foundation.framework */,
				A1797E0516877E86005E521D /* CoreGraphics.framework */,
			);
			name = Frameworks;
			sourceTree = "<group>";
		};
		A1797E0716877E86005E521D /* idakoosProjectFinal */ = {
			isa = PBXGroup;
			children = (
				A1797E1016877E86005E521D /* AppDelegate.h */,
				A1797E1116877E86005E521D /* AppDelegate.m */,
				A1797E1316877E86005E521D /* MainStoryboard_iPhone.storyboard */,
				A1797E1616877E86005E521D /* MainStoryboard_iPad.storyboard */,
				A1797E1916877E86005E521D /* ViewController.h */,
				A1797E1A16877E86005E521D /* ViewController.m */,
				A1526A0D16A3795300AC23D0 /* CustomizeProductViewController.h */,
				A1526A0E16A3795300AC23D0 /* CustomizeProductViewController.m */,
				A136F45716A3CDD500223D57 /* MyClasses */,
				A15269E716A3554400AC23D0 /* Resources */,
				A1797E0816877E86005E521D /* Supporting Files */,
			);
			path = idakoosProjectFinal;
			sourceTree = "<group>";
		};
		A1797E0816877E86005E521D /* Supporting Files */ = {
			isa = PBXGroup;
			children = (
				A1797E0916877E86005E521D /* idakoosProjectFinal-Info.plist */,
				A1797E0A16877E86005E521D /* InfoPlist.strings */,
				A1797E0D16877E86005E521D /* main.m */,
				A1797E0F16877E86005E521D /* idakoosProjectFinal-Prefix.pch */,
			);
			name = "Supporting Files";
			sourceTree = "<group>";
		};
		A1AF0DFE17639ED500A760B3 /* fuentes */ = {
			isa = PBXGroup;
			children = (
				A1AF0E651763A3E500A760B3 /* 1456Gutenberg Bold.ttf */,
				A1AF0E0017639ED500A760B3 /* 321impact.ttf */,
				A1AF0E0117639ED500A760B3 /* 60sekuntia.ttf */,
				A1AF0E0217639ED500A760B3 /* aaaiight!.ttf */,
				A1AF0E0317639ED500A760B3 /* Anja Eliane.ttf */,
				A1AF0E0417639ED500A760B3 /* Arial.ttf */,
				A1AF0E0517639ED500A760B3 /* Armalite Rifle.ttf */,
				A1AF0E0617639ED500A760B3 /* barcode font.ttf */,
				A1AF0E0717639ED500A760B3 /* BD Cartoon Shout.ttf */,
				A1AF0E0817639ED500A760B3 /* billieBob.ttf */,
				A1AF0E0917639ED500A760B3 /* Bloody.ttf */,
				A1AF0E0A17639ED500A760B3 /* Bogusflow.ttf */,
				A1AF0E0B17639ED500A760B3 /* BorisBlackBloxx.ttf */,
				A1AF0E0C17639ED500A760B3 /* Cartoonist 2 BoldItalic.ttf */,
				A1AF0E0D17639ED500A760B3 /* Chinese Takeaway.ttf */,
				A1AF0E0E17639ED500A760B3 /* CooperBlackStd.otf */,
				A1AF0E0F17639ED500A760B3 /* Cowboys.ttf */,
				A1AF0E1017639ED500A760B3 /* Crazy Harold.ttf */,
				A1AF0E1117639ED500A760B3 /* Data Trash.ttf */,
				A1AF0E1217639ED500A760B3 /* Dearest.ttf */,
				A1AF0E1317639ED500A760B3 /* dearJoe 2.ttf */,
				A1AF0E1417639ED500A760B3 /* Establo.ttf */,
				A1AF0E1517639ED500A760B3 /* Flores.ttf */,
				A1AF0E1617639ED500A760B3 /* GoodGirl.ttf */,
				A1AF0E1717639ED500A760B3 /* green piloww.ttf */,
				A1AF0E1817639ED500A760B3 /* Green Screen.ttf */,
				A1AF0E1917639ED500A760B3 /* Grinched Regular.ttf */,
				A1AF0E1A17639ED500A760B3 /* GROBOLD.ttf */,
				A1AF0E1B17639ED500A760B3 /* Gyparody.ttf */,
				A1AF0E1C17639ED500A760B3 /* Helldorado.ttf */,
				A1AF0E1D17639ED500A760B3 /* Horseshoes And Lemonade.ttf */,
				A1AF0E1E17639ED500A760B3 /* Impacted.ttf */,
				A1AF0E1F17639ED500A760B3 /* Incised 901 Nord Italic BT.ttf */,
				A1AF0E2017639ED500A760B3 /* Independence.ttf */,
				A1AF0E2117639ED500A760B3 /* Informal 011 Black BT.ttf */,
				A1AF0E2217639ED500A760B3 /* JerseyLetters.ttf */,
				A1AF0E2317639ED500A760B3 /* Joint by PizzaDude.ttf */,
				A1AF0E2417639ED500A760B3 /* Justice Solid.ttf */,
				A1AF0E2517639ED500A760B3 /* Komika Axis.ttf */,
				A1AF0E2617639ED500A760B3 /* Komikahuna.ttf */,
				A1AF0E2717639ED500A760B3 /* Komix.ttf */,
				A1AF0E2817639ED500A760B3 /* LCD ITC-Normal.ttf */,
				A1AF0E2917639ED500A760B3 /* Lucia BT.ttf */,
				A1AF0E2A17639ED500A760B3 /* Mandingo.ttf */,
				A1AF0E2B17639ED500A760B3 /* Marcelle Script.ttf */,
				A1AF0E2C17639ED500A760B3 /* Ozone.ttf */,
				A1AF0E2D17639ED500A760B3 /* TeamSpirit.ttf */,
				A1AF0E2E17639ED500A760B3 /* Vectroid(1).ttf */,
				A1AF0E2F17639ED500A760B3 /* Yikes!.ttf */,
				A1AF0E3017639ED500A760B3 /* Zreaks NFI(1).ttf */,
			);
			path = fuentes;
			sourceTree = "<group>";
		};
/* End PBXGroup section */

/* Begin PBXNativeTarget section */
		A1797DFC16877E85005E521D /* idakoosProjectFinal */ = {
			isa = PBXNativeTarget;
			buildConfigurationList = A1797E1E16877E86005E521D /* Build configuration list for PBXNativeTarget "idakoosProjectFinal" */;
			buildPhases = (
				A1797DF916877E85005E521D /* Sources */,
				A1797DFA16877E85005E521D /* Frameworks */,
				A1797DFB16877E85005E521D /* Resources */,
			);
			buildRules = (
			);
			dependencies = (
			);
			name = idakoosProjectFinal;
			productName = idakoosProjectFinal;
			productReference = A1797DFD16877E86005E521D /* idakoosProjectFinal.app */;
			productType = "com.apple.product-type.application";
		};
/* End PBXNativeTarget section */

/* Begin PBXProject section */
		A1797DF416877E85005E521D /* Project object */ = {
			isa = PBXProject;
			attributes = {
				LastUpgradeCheck = 0440;
				ORGANIZATIONNAME = Idakoos;
			};
			buildConfigurationList = A1797DF716877E85005E521D /* Build configuration list for PBXProject "idakoosProjectFinal" */;
			compatibilityVersion = "Xcode 3.2";
			developmentRegion = English;
			hasScannedForEncodings = 0;
			knownRegions = (
				en,
			);
			mainGroup = A1797DF216877E85005E521D;
			productRefGroup = A1797DFE16877E86005E521D /* Products */;
			projectDirPath = "";
			projectRoot = "";
			targets = (
				A1797DFC16877E85005E521D /* idakoosProjectFinal */,
			);
		};
/* End PBXProject section */

/* Begin PBXResourcesBuildPhase section */
		A1797DFB16877E85005E521D /* Resources */ = {
			isa = PBXResourcesBuildPhase;
			buildActionMask = 2147483647;
			files = (
				A1797E0C16877E86005E521D /* InfoPlist.strings in Resources */,
				A1797E1516877E86005E521D /* MainStoryboard_iPhone.storyboard in Resources */,
				A1797E1816877E86005E521D /* MainStoryboard_iPad.storyboard in Resources */,
				A15269F616A3554400AC23D0 /* BabyBodySuits_Customize.png in Resources */,
				A15269F716A3554400AC23D0 /* custom_Acrylics.png in Resources */,
				A15269F816A3554400AC23D0 /* custom_BabyBodySuits.png in Resources */,
				A15269F916A3554400AC23D0 /* custom_CanvasPicture.png in Resources */,
				A15269FA16A3554400AC23D0 /* custom_Hoodies.png in Resources */,
				A15269FB16A3554400AC23D0 /* custom_Mugs.png in Resources */,
				A15269FC16A3554400AC23D0 /* custom_Stickers.png in Resources */,
				A15269FD16A3554400AC23D0 /* custom_ToteBags.png in Resources */,
				A15269FE16A3554400AC23D0 /* custom_TShirt.png in Resources */,
				A15269FF16A3554400AC23D0 /* Hoodies_Customize.png in Resources */,
				A1526A0016A3554400AC23D0 /* Mugs_Customize.png in Resources */,
				A1526A0116A3554400AC23D0 /* ToteBags_Customize.png in Resources */,
				A1526A0216A3554400AC23D0 /* TShirt_Customize.png in Resources */,
				A1526A0516A358E000AC23D0 /* Default-568h@2x.png in Resources */,
				A1526A0716A35B6900AC23D0 /* MenuOptions.plist in Resources */,
				A1D2789616C370130075C3AB /* Background_ToolBar.jpg in Resources */,
				A126253B16C6035100373311 /* DetailsProduct.plist in Resources */,
				A1E6ABDC16F19B960027A95E /* btn_rotateLeft.png in Resources */,
				A1E6ABDD16F19B960027A95E /* btn_rotateRight.png in Resources */,
				A1D3F95E1745FD350057629E /* EditLabelViewController.xib in Resources */,
				A1AF0E3217639ED500A760B3 /* 321impact.ttf in Resources */,
				A1AF0E3317639ED500A760B3 /* 60sekuntia.ttf in Resources */,
				A1AF0E3417639ED500A760B3 /* aaaiight!.ttf in Resources */,
				A1AF0E3517639ED500A760B3 /* Anja Eliane.ttf in Resources */,
				A1AF0E3617639ED500A760B3 /* Arial.ttf in Resources */,
				A1AF0E3717639ED500A760B3 /* Armalite Rifle.ttf in Resources */,
				A1AF0E3817639ED500A760B3 /* barcode font.ttf in Resources */,
				A1AF0E3917639ED500A760B3 /* BD Cartoon Shout.ttf in Resources */,
				A1AF0E3A17639ED500A760B3 /* billieBob.ttf in Resources */,
				A1AF0E3B17639ED500A760B3 /* Bloody.ttf in Resources */,
				A1AF0E3C17639ED500A760B3 /* Bogusflow.ttf in Resources */,
				A1AF0E3D17639ED500A760B3 /* BorisBlackBloxx.ttf in Resources */,
				A1AF0E3E17639ED500A760B3 /* Cartoonist 2 BoldItalic.ttf in Resources */,
				A1AF0E3F17639ED500A760B3 /* Chinese Takeaway.ttf in Resources */,
				A1AF0E4017639ED500A760B3 /* CooperBlackStd.otf in Resources */,
				A1AF0E4117639ED500A760B3 /* Cowboys.ttf in Resources */,
				A1AF0E4217639ED500A760B3 /* Crazy Harold.ttf in Resources */,
				A1AF0E4317639ED500A760B3 /* Data Trash.ttf in Resources */,
				A1AF0E4417639ED500A760B3 /* Dearest.ttf in Resources */,
				A1AF0E4517639ED500A760B3 /* dearJoe 2.ttf in Resources */,
				A1AF0E4617639ED500A760B3 /* Establo.ttf in Resources */,
				A1AF0E4717639ED500A760B3 /* Flores.ttf in Resources */,
				A1AF0E4817639ED500A760B3 /* GoodGirl.ttf in Resources */,
				A1AF0E4917639ED500A760B3 /* green piloww.ttf in Resources */,
				A1AF0E4A17639ED500A760B3 /* Green Screen.ttf in Resources */,
				A1AF0E4B17639ED500A760B3 /* Grinched Regular.ttf in Resources */,
				A1AF0E4C17639ED500A760B3 /* GROBOLD.ttf in Resources */,
				A1AF0E4D17639ED500A760B3 /* Gyparody.ttf in Resources */,
				A1AF0E4E17639ED500A760B3 /* Helldorado.ttf in Resources */,
				A1AF0E4F17639ED500A760B3 /* Horseshoes And Lemonade.ttf in Resources */,
				A1AF0E5017639ED500A760B3 /* Impacted.ttf in Resources */,
				A1AF0E5117639ED500A760B3 /* Incised 901 Nord Italic BT.ttf in Resources */,
				A1AF0E5217639ED500A760B3 /* Independence.ttf in Resources */,
				A1AF0E5317639ED500A760B3 /* Informal 011 Black BT.ttf in Resources */,
				A1AF0E5417639ED500A760B3 /* JerseyLetters.ttf in Resources */,
				A1AF0E5517639ED500A760B3 /* Joint by PizzaDude.ttf in Resources */,
				A1AF0E5617639ED500A760B3 /* Justice Solid.ttf in Resources */,
				A1AF0E5717639ED500A760B3 /* Komika Axis.ttf in Resources */,
				A1AF0E5817639ED500A760B3 /* Komikahuna.ttf in Resources */,
				A1AF0E5917639ED500A760B3 /* Komix.ttf in Resources */,
				A1AF0E5A17639ED500A760B3 /* LCD ITC-Normal.ttf in Resources */,
				A1AF0E5B17639ED500A760B3 /* Lucia BT.ttf in Resources */,
				A1AF0E5C17639ED500A760B3 /* Mandingo.ttf in Resources */,
				A1AF0E5D17639ED500A760B3 /* Marcelle Script.ttf in Resources */,
				A1AF0E5E17639ED500A760B3 /* Ozone.ttf in Resources */,
				A1AF0E5F17639ED500A760B3 /* TeamSpirit.ttf in Resources */,
				A1AF0E6017639ED500A760B3 /* Vectroid(1).ttf in Resources */,
				A1AF0E6117639ED500A760B3 /* Yikes!.ttf in Resources */,
				A1AF0E6217639ED500A760B3 /* Zreaks NFI(1).ttf in Resources */,
				A1AF0E661763A3E800A760B3 /* 1456Gutenberg Bold.ttf in Resources */,
			);
			runOnlyForDeploymentPostprocessing = 0;
		};
/* End PBXResourcesBuildPhase section */

/* Begin PBXSourcesBuildPhase section */
		A1797DF916877E85005E521D /* Sources */ = {
			isa = PBXSourcesBuildPhase;
			buildActionMask = 2147483647;
			files = (
				A1797E0E16877E86005E521D /* main.m in Sources */,
				A1797E1216877E86005E521D /* AppDelegate.m in Sources */,
				A1797E1B16877E86005E521D /* ViewController.m in Sources */,
				A1526A0F16A3795300AC23D0 /* CustomizeProductViewController.m in Sources */,
				A136F45A16A3CDD500223D57 /* IDALogoImage.m in Sources */,
				A1E9FBDE16A61E74007D4E77 /* IDACustomLabel.m in Sources */,
				A10DE8A7173DF58D007126B3 /* ColorPickerViewController.m in Sources */,
				A10DE8AB173E04E0007126B3 /* SizesPickerViewController.m in Sources */,
				A1D3F95D1745FD350057629E /* EditLabelViewController.m in Sources */,
				A1A8BD3B1760126100446CE8 /* FontsPickerViewController.m in Sources */,
			);
			runOnlyForDeploymentPostprocessing = 0;
		};
/* End PBXSourcesBuildPhase section */

/* Begin PBXVariantGroup section */
		A1797E0A16877E86005E521D /* InfoPlist.strings */ = {
			isa = PBXVariantGroup;
			children = (
				A1797E0B16877E86005E521D /* en */,
			);
			name = InfoPlist.strings;
			sourceTree = "<group>";
		};
		A1797E1316877E86005E521D /* MainStoryboard_iPhone.storyboard */ = {
			isa = PBXVariantGroup;
			children = (
				A1797E1416877E86005E521D /* en */,
			);
			name = MainStoryboard_iPhone.storyboard;
			sourceTree = "<group>";
		};
		A1797E1616877E86005E521D /* MainStoryboard_iPad.storyboard */ = {
			isa = PBXVariantGroup;
			children = (
				A1797E1716877E86005E521D /* en */,
			);
			name = MainStoryboard_iPad.storyboard;
			sourceTree = "<group>";
		};
/* End PBXVariantGroup section */

/* Begin XCBuildConfiguration section */
		A1797E1C16877E86005E521D /* Debug */ = {
			isa = XCBuildConfiguration;
			buildSettings = {
				ALWAYS_SEARCH_USER_PATHS = NO;
				ARCHS = "$(ARCHS_STANDARD_32_BIT)";
				CLANG_CXX_LANGUAGE_STANDARD = "gnu++0x";
				CLANG_ENABLE_OBJC_ARC = YES;
				CLANG_WARN__DUPLICATE_METHOD_MATCH = YES;
				CODE_SIGN_IDENTITY = "iPhone Developer";
				"CODE_SIGN_IDENTITY[sdk=iphoneos*]" = "iPhone Developer";
				COPY_PHASE_STRIP = NO;
				GCC_C_LANGUAGE_STANDARD = gnu99;
				GCC_DYNAMIC_NO_PIC = NO;
				GCC_OPTIMIZATION_LEVEL = 0;
				GCC_PREPROCESSOR_DEFINITIONS = (
					"DEBUG=1",
					"$(inherited)",
				);
				GCC_SYMBOLS_PRIVATE_EXTERN = NO;
				GCC_VERSION = com.apple.compilers.llvm.clang.1_0;
				GCC_WARN_ABOUT_RETURN_TYPE = YES;
				GCC_WARN_UNINITIALIZED_AUTOS = YES;
				GCC_WARN_UNUSED_VARIABLE = YES;
				IPHONEOS_DEPLOYMENT_TARGET = 5.1;
				PROVISIONING_PROFILE = "";
				SDKROOT = iphoneos;
				TARGETED_DEVICE_FAMILY = "1,2";
			};
			name = Debug;
		};
		A1797E1D16877E86005E521D /* Release */ = {
			isa = XCBuildConfiguration;
			buildSettings = {
				ALWAYS_SEARCH_USER_PATHS = NO;
				ARCHS = "$(ARCHS_STANDARD_32_BIT)";
				CLANG_CXX_LANGUAGE_STANDARD = "gnu++0x";
				CLANG_ENABLE_OBJC_ARC = YES;
				CLANG_WARN__DUPLICATE_METHOD_MATCH = YES;
				CODE_SIGN_IDENTITY = "iPhone Distribution: North South Studios LLC";
				"CODE_SIGN_IDENTITY[sdk=iphoneos*]" = "iPhone Distribution: North South Studios LLC";
				COPY_PHASE_STRIP = YES;
				GCC_C_LANGUAGE_STANDARD = gnu99;
				GCC_VERSION = com.apple.compilers.llvm.clang.1_0;
				GCC_WARN_ABOUT_RETURN_TYPE = YES;
				GCC_WARN_UNINITIALIZED_AUTOS = YES;
				GCC_WARN_UNUSED_VARIABLE = YES;
				IPHONEOS_DEPLOYMENT_TARGET = 5.1;
				OTHER_CFLAGS = "-DNS_BLOCK_ASSERTIONS=1";
				PROVISIONING_PROFILE = "53EFF53A-8BD6-4BC6-93D2-7AB1E5AF51AC";
				"PROVISIONING_PROFILE[sdk=iphoneos*]" = "53EFF53A-8BD6-4BC6-93D2-7AB1E5AF51AC";
				SDKROOT = iphoneos;
				TARGETED_DEVICE_FAMILY = "1,2";
				VALIDATE_PRODUCT = YES;
			};
			name = Release;
		};
		A1797E1F16877E86005E521D /* Debug */ = {
			isa = XCBuildConfiguration;
			buildSettings = {
				GCC_PRECOMPILE_PREFIX_HEADER = YES;
				GCC_PREFIX_HEADER = "idakoosProjectFinal/idakoosProjectFinal-Prefix.pch";
				INFOPLIST_FILE = "idakoosProjectFinal/idakoosProjectFinal-Info.plist";
				PRODUCT_NAME = "$(TARGET_NAME)";
				WRAPPER_EXTENSION = app;
			};
			name = Debug;
		};
		A1797E2016877E86005E521D /* Release */ = {
			isa = XCBuildConfiguration;
			buildSettings = {
				GCC_PRECOMPILE_PREFIX_HEADER = YES;
				GCC_PREFIX_HEADER = "idakoosProjectFinal/idakoosProjectFinal-Prefix.pch";
				INFOPLIST_FILE = "idakoosProjectFinal/idakoosProjectFinal-Info.plist";
				PRODUCT_NAME = "$(TARGET_NAME)";
				WRAPPER_EXTENSION = app;
			};
			name = Release;
		};
/* End XCBuildConfiguration section */

/* Begin XCConfigurationList section */
		A1797DF716877E85005E521D /* Build configuration list for PBXProject "idakoosProjectFinal" */ = {
			isa = XCConfigurationList;
			buildConfigurations = (
				A1797E1C16877E86005E521D /* Debug */,
				A1797E1D16877E86005E521D /* Release */,
			);
			defaultConfigurationIsVisible = 0;
			defaultConfigurationName = Release;
		};
		A1797E1E16877E86005E521D /* Build configuration list for PBXNativeTarget "idakoosProjectFinal" */ = {
			isa = XCConfigurationList;
			buildConfigurations = (
				A1797E1F16877E86005E521D /* Debug */,
				A1797E2016877E86005E521D /* Release */,
			);
			defaultConfigurationIsVisible = 0;
			defaultConfigurationName = Release;
		};
/* End XCConfigurationList section */
	};
	rootObject = A1797DF416877E85005E521D /* Project object */;
}
